// !$*UTF8*$!
{
	archiveVersion = 1;
	classes = {
	};
	objectVersion = 55;
	objects = {

/* Begin PBXBuildFile section */
		4101459D27B1586D001A426C /* AvocadosApp.swift in Sources */ = {isa = PBXBuildFile; fileRef = 4101459C27B1586D001A426C /* AvocadosApp.swift */; };
		4101459F27B1586D001A426C /* ContentView.swift in Sources */ = {isa = PBXBuildFile; fileRef = 4101459E27B1586D001A426C /* ContentView.swift */; };
		410145A127B15875001A426C /* Assets.xcassets in Resources */ = {isa = PBXBuildFile; fileRef = 410145A027B15875001A426C /* Assets.xcassets */; };
		410145A427B15875001A426C /* Preview Assets.xcassets in Resources */ = {isa = PBXBuildFile; fileRef = 410145A327B15875001A426C /* Preview Assets.xcassets */; };
		410145AB27B1A86B001A426C /* Launch Screen.storyboard in Resources */ = {isa = PBXBuildFile; fileRef = 410145AA27B1A86A001A426C /* Launch Screen.storyboard */; };
		413907C227B2C70F00294578 /* AvocadosView.swift in Sources */ = {isa = PBXBuildFile; fileRef = 413907C127B2C70E00294578 /* AvocadosView.swift */; };
		413907C427B2C74D00294578 /* RipeningStagesView.swift in Sources */ = {isa = PBXBuildFile; fileRef = 413907C327B2C74D00294578 /* RipeningStagesView.swift */; };
		413907C627B2C77A00294578 /* SettingsView.swift in Sources */ = {isa = PBXBuildFile; fileRef = 413907C527B2C77A00294578 /* SettingsView.swift */; };
		413907C827B2C78600294578 /* AppView.swift in Sources */ = {isa = PBXBuildFile; fileRef = 413907C727B2C78600294578 /* AppView.swift */; };
		416047BD27B54A6F009DE34D /* DishesView.swift in Sources */ = {isa = PBXBuildFile; fileRef = 416047BC27B54A6F009DE34D /* DishesView.swift */; };
		41947C6D27B690D9008AAF55 /* RecipeRatingView.swift in Sources */ = {isa = PBXBuildFile; fileRef = 41947C6C27B690D9008AAF55 /* RecipeRatingView.swift */; };
		41947C6F27B69439008AAF55 /* RecipeCookingView.swift in Sources */ = {isa = PBXBuildFile; fileRef = 41947C6E27B69439008AAF55 /* RecipeCookingView.swift */; };
		41C6AEC927B581F20008D81B /* FactsView.swift in Sources */ = {isa = PBXBuildFile; fileRef = 41C6AEC827B581F20008D81B /* FactsView.swift */; };
		41C6AECB27B59D950008D81B /* FactsModel.swift in Sources */ = {isa = PBXBuildFile; fileRef = 41C6AECA27B59D950008D81B /* FactsModel.swift */; };
		41C6AECD27B59E320008D81B /* FactData.swift in Sources */ = {isa = PBXBuildFile; fileRef = 41C6AECC27B59E320008D81B /* FactData.swift */; };
		41C6AECF27B5ADDE0008D81B /* RecipeModel.swift in Sources */ = {isa = PBXBuildFile; fileRef = 41C6AECE27B5ADDD0008D81B /* RecipeModel.swift */; };
		41C6AED127B5AEC00008D81B /* RecipeData.swift in Sources */ = {isa = PBXBuildFile; fileRef = 41C6AED027B5AEC00008D81B /* RecipeData.swift */; };
		41C6AED327B5AFC80008D81B /* RecipeCardView.swift in Sources */ = {isa = PBXBuildFile; fileRef = 41C6AED227B5AFC80008D81B /* RecipeCardView.swift */; };
		41DC0E2727B4112A0091BA2E /* HeaderView.swift in Sources */ = {isa = PBXBuildFile; fileRef = 41DC0E2627B4112A0091BA2E /* HeaderView.swift */; };
		41DC0E2927B43C3A0091BA2E /* HeaderModel.swift in Sources */ = {isa = PBXBuildFile; fileRef = 41DC0E2827B43C3A0091BA2E /* HeaderModel.swift */; };
		41DC0E2B27B43CD20091BA2E /* HeaderData.swift in Sources */ = {isa = PBXBuildFile; fileRef = 41DC0E2A27B43CD20091BA2E /* HeaderData.swift */; };
/* End PBXBuildFile section */

/* Begin PBXFileReference section */
		4101459927B1586D001A426C /* Avocados.app */ = {isa = PBXFileReference; explicitFileType = wrapper.application; includeInIndex = 0; path = Avocados.app; sourceTree = BUILT_PRODUCTS_DIR; };
		4101459C27B1586D001A426C /* AvocadosApp.swift */ = {isa = PBXFileReference; lastKnownFileType = sourcecode.swift; path = AvocadosApp.swift; sourceTree = "<group>"; };
		4101459E27B1586D001A426C /* ContentView.swift */ = {isa = PBXFileReference; lastKnownFileType = sourcecode.swift; path = ContentView.swift; sourceTree = "<group>"; };
		410145A027B15875001A426C /* Assets.xcassets */ = {isa = PBXFileReference; lastKnownFileType = folder.assetcatalog; path = Assets.xcassets; sourceTree = "<group>"; };
		410145A327B15875001A426C /* Preview Assets.xcassets */ = {isa = PBXFileReference; lastKnownFileType = folder.assetcatalog; path = "Preview Assets.xcassets"; sourceTree = "<group>"; };
		410145AA27B1A86A001A426C /* Launch Screen.storyboard */ = {isa = PBXFileReference; lastKnownFileType = file.storyboard; path = "Launch Screen.storyboard"; sourceTree = "<group>"; };
		413907C127B2C70E00294578 /* AvocadosView.swift */ = {isa = PBXFileReference; lastKnownFileType = sourcecode.swift; path = AvocadosView.swift; sourceTree = "<group>"; };
		413907C327B2C74D00294578 /* RipeningStagesView.swift */ = {isa = PBXFileReference; lastKnownFileType = sourcecode.swift; path = RipeningStagesView.swift; sourceTree = "<group>"; };
		413907C527B2C77A00294578 /* SettingsView.swift */ = {isa = PBXFileReference; lastKnownFileType = sourcecode.swift; path = SettingsView.swift; sourceTree = "<group>"; };
		413907C727B2C78600294578 /* AppView.swift */ = {isa = PBXFileReference; lastKnownFileType = sourcecode.swift; path = AppView.swift; sourceTree = "<group>"; };
		416047BC27B54A6F009DE34D /* DishesView.swift */ = {isa = PBXFileReference; lastKnownFileType = sourcecode.swift; path = DishesView.swift; sourceTree = "<group>"; };
		41947C6C27B690D9008AAF55 /* RecipeRatingView.swift */ = {isa = PBXFileReference; lastKnownFileType = sourcecode.swift; path = RecipeRatingView.swift; sourceTree = "<group>"; };
		41947C6E27B69439008AAF55 /* RecipeCookingView.swift */ = {isa = PBXFileReference; lastKnownFileType = sourcecode.swift; path = RecipeCookingView.swift; sourceTree = "<group>"; };
		41C6AEC827B581F20008D81B /* FactsView.swift */ = {isa = PBXFileReference; lastKnownFileType = sourcecode.swift; path = FactsView.swift; sourceTree = "<group>"; };
		41C6AECA27B59D950008D81B /* FactsModel.swift */ = {isa = PBXFileReference; lastKnownFileType = sourcecode.swift; path = FactsModel.swift; sourceTree = "<group>"; };
		41C6AECC27B59E320008D81B /* FactData.swift */ = {isa = PBXFileReference; lastKnownFileType = sourcecode.swift; path = FactData.swift; sourceTree = "<group>"; };
		41C6AECE27B5ADDD0008D81B /* RecipeModel.swift */ = {isa = PBXFileReference; lastKnownFileType = sourcecode.swift; path = RecipeModel.swift; sourceTree = "<group>"; };
		41C6AED027B5AEC00008D81B /* RecipeData.swift */ = {isa = PBXFileReference; lastKnownFileType = sourcecode.swift; path = RecipeData.swift; sourceTree = "<group>"; };
		41C6AED227B5AFC80008D81B /* RecipeCardView.swift */ = {isa = PBXFileReference; lastKnownFileType = sourcecode.swift; path = RecipeCardView.swift; sourceTree = "<group>"; };
		41DC0E2627B4112A0091BA2E /* HeaderView.swift */ = {isa = PBXFileReference; lastKnownFileType = sourcecode.swift; path = HeaderView.swift; sourceTree = "<group>"; };
		41DC0E2827B43C3A0091BA2E /* HeaderModel.swift */ = {isa = PBXFileReference; lastKnownFileType = sourcecode.swift; path = HeaderModel.swift; sourceTree = "<group>"; };
		41DC0E2A27B43CD20091BA2E /* HeaderData.swift */ = {isa = PBXFileReference; lastKnownFileType = sourcecode.swift; path = HeaderData.swift; sourceTree = "<group>"; };
/* End PBXFileReference section */

/* Begin PBXFrameworksBuildPhase section */
		4101459627B1586C001A426C /* Frameworks */ = {
			isa = PBXFrameworksBuildPhase;
			buildActionMask = 2147483647;
			files = (
			);
			runOnlyForDeploymentPostprocessing = 0;
		};
/* End PBXFrameworksBuildPhase section */

/* Begin PBXGroup section */
		4101459027B1586C001A426C = {
			isa = PBXGroup;
			children = (
				4101459B27B1586D001A426C /* Avocados */,
				4101459A27B1586D001A426C /* Products */,
			);
			sourceTree = "<group>";
		};
		4101459A27B1586D001A426C /* Products */ = {
			isa = PBXGroup;
			children = (
				4101459927B1586D001A426C /* Avocados.app */,
			);
			name = Products;
			sourceTree = "<group>";
		};
		4101459B27B1586D001A426C /* Avocados */ = {
			isa = PBXGroup;
			children = (
				413907C027B2C6CC00294578 /* View */,
				413907BF27B2C6C600294578 /* Model */,
				413907BE27B2C6BF00294578 /* Data */,
				4101459C27B1586D001A426C /* AvocadosApp.swift */,
				410145A027B15875001A426C /* Assets.xcassets */,
				410145A227B15875001A426C /* Preview Content */,
				410145AA27B1A86A001A426C /* Launch Screen.storyboard */,
			);
			path = Avocados;
			sourceTree = "<group>";
		};
		410145A227B15875001A426C /* Preview Content */ = {
			isa = PBXGroup;
			children = (
				410145A327B15875001A426C /* Preview Assets.xcassets */,
			);
			path = "Preview Content";
			sourceTree = "<group>";
		};
		413907BE27B2C6BF00294578 /* Data */ = {
			isa = PBXGroup;
			children = (
				41DC0E2A27B43CD20091BA2E /* HeaderData.swift */,
				41C6AECC27B59E320008D81B /* FactData.swift */,
				41C6AED027B5AEC00008D81B /* RecipeData.swift */,
			);
			path = Data;
			sourceTree = "<group>";
		};
		413907BF27B2C6C600294578 /* Model */ = {
			isa = PBXGroup;
			children = (
				41DC0E2827B43C3A0091BA2E /* HeaderModel.swift */,
				41C6AECA27B59D950008D81B /* FactsModel.swift */,
				41C6AECE27B5ADDD0008D81B /* RecipeModel.swift */,
			);
			path = Model;
			sourceTree = "<group>";
		};
		413907C027B2C6CC00294578 /* View */ = {
			isa = PBXGroup;
			children = (
				4101459E27B1586D001A426C /* ContentView.swift */,
				413907C127B2C70E00294578 /* AvocadosView.swift */,
				413907C327B2C74D00294578 /* RipeningStagesView.swift */,
				413907C527B2C77A00294578 /* SettingsView.swift */,
				413907C727B2C78600294578 /* AppView.swift */,
				41DC0E2627B4112A0091BA2E /* HeaderView.swift */,
				416047BC27B54A6F009DE34D /* DishesView.swift */,
				41C6AEC827B581F20008D81B /* FactsView.swift */,
				41C6AED227B5AFC80008D81B /* RecipeCardView.swift */,
				41947C6C27B690D9008AAF55 /* RecipeRatingView.swift */,
				41947C6E27B69439008AAF55 /* RecipeCookingView.swift */,
			);
			path = View;
			sourceTree = "<group>";
		};
/* End PBXGroup section */

/* Begin PBXNativeTarget section */
		4101459827B1586C001A426C /* Avocados */ = {
			isa = PBXNativeTarget;
			buildConfigurationList = 410145A727B15875001A426C /* Build configuration list for PBXNativeTarget "Avocados" */;
			buildPhases = (
				4101459527B1586C001A426C /* Sources */,
				4101459627B1586C001A426C /* Frameworks */,
				4101459727B1586C001A426C /* Resources */,
			);
			buildRules = (
			);
			dependencies = (
			);
			name = Avocados;
			productName = Avocados;
			productReference = 4101459927B1586D001A426C /* Avocados.app */;
			productType = "com.apple.product-type.application";
		};
/* End PBXNativeTarget section */

/* Begin PBXProject section */
		4101459127B1586C001A426C /* Project object */ = {
			isa = PBXProject;
			attributes = {
				BuildIndependentTargetsInParallel = 1;
				LastSwiftUpdateCheck = 1320;
				LastUpgradeCheck = 1320;
				TargetAttributes = {
					4101459827B1586C001A426C = {
						CreatedOnToolsVersion = 13.2.1;
					};
				};
			};
			buildConfigurationList = 4101459427B1586C001A426C /* Build configuration list for PBXProject "Avocados" */;
			compatibilityVersion = "Xcode 13.0";
			developmentRegion = en;
			hasScannedForEncodings = 0;
			knownRegions = (
				en,
				Base,
			);
			mainGroup = 4101459027B1586C001A426C;
			productRefGroup = 4101459A27B1586D001A426C /* Products */;
			projectDirPath = "";
			projectRoot = "";
			targets = (
				4101459827B1586C001A426C /* Avocados */,
			);
		};
/* End PBXProject section */

/* Begin PBXResourcesBuildPhase section */
		4101459727B1586C001A426C /* Resources */ = {
			isa = PBXResourcesBuildPhase;
			buildActionMask = 2147483647;
			files = (
				410145AB27B1A86B001A426C /* Launch Screen.storyboard in Resources */,
				410145A427B15875001A426C /* Preview Assets.xcassets in Resources */,
				410145A127B15875001A426C /* Assets.xcassets in Resources */,
			);
			runOnlyForDeploymentPostprocessing = 0;
		};
/* End PBXResourcesBuildPhase section */

/* Begin PBXSourcesBuildPhase section */
		4101459527B1586C001A426C /* Sources */ = {
			isa = PBXSourcesBuildPhase;
			buildActionMask = 2147483647;
			files = (
				413907C627B2C77A00294578 /* SettingsView.swift in Sources */,
				41947C6D27B690D9008AAF55 /* RecipeRatingView.swift in Sources */,
				4101459F27B1586D001A426C /* ContentView.swift in Sources */,
				413907C827B2C78600294578 /* AppView.swift in Sources */,
				413907C427B2C74D00294578 /* RipeningStagesView.swift in Sources */,
				4101459D27B1586D001A426C /* AvocadosApp.swift in Sources */,
				41C6AECB27B59D950008D81B /* FactsModel.swift in Sources */,
				413907C227B2C70F00294578 /* AvocadosView.swift in Sources */,
				41C6AECF27B5ADDE0008D81B /* RecipeModel.swift in Sources */,
				41DC0E2927B43C3A0091BA2E /* HeaderModel.swift in Sources */,
				41DC0E2B27B43CD20091BA2E /* HeaderData.swift in Sources */,
				41947C6F27B69439008AAF55 /* RecipeCookingView.swift in Sources */,
				416047BD27B54A6F009DE34D /* DishesView.swift in Sources */,
				41C6AEC927B581F20008D81B /* FactsView.swift in Sources */,
				41C6AED327B5AFC80008D81B /* RecipeCardView.swift in Sources */,
				41C6AED127B5AEC00008D81B /* RecipeData.swift in Sources */,
				41DC0E2727B4112A0091BA2E /* HeaderView.swift in Sources */,
				41C6AECD27B59E320008D81B /* FactData.swift in Sources */,
			);
			runOnlyForDeploymentPostprocessing = 0;
		};
/* End PBXSourcesBuildPhase section */

/* Begin XCBuildConfiguration section */
		410145A527B15875001A426C /* Debug */ = {
			isa = XCBuildConfiguration;
			buildSettings = {
				ALWAYS_SEARCH_USER_PATHS = NO;
				CLANG_ANALYZER_NONNULL = YES;
				CLANG_ANALYZER_NUMBER_OBJECT_CONVERSION = YES_AGGRESSIVE;
				CLANG_CXX_LANGUAGE_STANDARD = "gnu++17";
				CLANG_CXX_LIBRARY = "libc++";
				CLANG_ENABLE_MODULES = YES;
				CLANG_ENABLE_OBJC_ARC = YES;
				CLANG_ENABLE_OBJC_WEAK = YES;
				CLANG_WARN_BLOCK_CAPTURE_AUTORELEASING = YES;
				CLANG_WARN_BOOL_CONVERSION = YES;
				CLANG_WARN_COMMA = YES;
				CLANG_WARN_CONSTANT_CONVERSION = YES;
				CLANG_WARN_DEPRECATED_OBJC_IMPLEMENTATIONS = YES;
				CLANG_WARN_DIRECT_OBJC_ISA_USAGE = YES_ERROR;
				CLANG_WARN_DOCUMENTATION_COMMENTS = YES;
				CLANG_WARN_EMPTY_BODY = YES;
				CLANG_WARN_ENUM_CONVERSION = YES;
				CLANG_WARN_INFINITE_RECURSION = YES;
				CLANG_WARN_INT_CONVERSION = YES;
				CLANG_WARN_NON_LITERAL_NULL_CONVERSION = YES;
				CLANG_WARN_OBJC_IMPLICIT_RETAIN_SELF = YES;
				CLANG_WARN_OBJC_LITERAL_CONVERSION = YES;
				CLANG_WARN_OBJC_ROOT_CLASS = YES_ERROR;
				CLANG_WARN_QUOTED_INCLUDE_IN_FRAMEWORK_HEADER = YES;
				CLANG_WARN_RANGE_LOOP_ANALYSIS = YES;
				CLANG_WARN_STRICT_PROTOTYPES = YES;
				CLANG_WARN_SUSPICIOUS_MOVE = YES;
				CLANG_WARN_UNGUARDED_AVAILABILITY = YES_AGGRESSIVE;
				CLANG_WARN_UNREACHABLE_CODE = YES;
				CLANG_WARN__DUPLICATE_METHOD_MATCH = YES;
				COPY_PHASE_STRIP = NO;
				DEBUG_INFORMATION_FORMAT = dwarf;
				ENABLE_STRICT_OBJC_MSGSEND = YES;
				ENABLE_TESTABILITY = YES;
				GCC_C_LANGUAGE_STANDARD = gnu11;
				GCC_DYNAMIC_NO_PIC = NO;
				GCC_NO_COMMON_BLOCKS = YES;
				GCC_OPTIMIZATION_LEVEL = 0;
				GCC_PREPROCESSOR_DEFINITIONS = (
					"DEBUG=1",
					"$(inherited)",
				);
				GCC_WARN_64_TO_32_BIT_CONVERSION = YES;
				GCC_WARN_ABOUT_RETURN_TYPE = YES_ERROR;
				GCC_WARN_UNDECLARED_SELECTOR = YES;
				GCC_WARN_UNINITIALIZED_AUTOS = YES_AGGRESSIVE;
				GCC_WARN_UNUSED_FUNCTION = YES;
				GCC_WARN_UNUSED_VARIABLE = YES;
				IPHONEOS_DEPLOYMENT_TARGET = 15.2;
				MTL_ENABLE_DEBUG_INFO = INCLUDE_SOURCE;
				MTL_FAST_MATH = YES;
				ONLY_ACTIVE_ARCH = YES;
				SDKROOT = iphoneos;
				SWIFT_ACTIVE_COMPILATION_CONDITIONS = DEBUG;
				SWIFT_OPTIMIZATION_LEVEL = "-Onone";
			};
			name = Debug;
		};
		410145A627B15875001A426C /* Release */ = {
			isa = XCBuildConfiguration;
			buildSettings = {
				ALWAYS_SEARCH_USER_PATHS = NO;
				CLANG_ANALYZER_NONNULL = YES;
				CLANG_ANALYZER_NUMBER_OBJECT_CONVERSION = YES_AGGRESSIVE;
				CLANG_CXX_LANGUAGE_STANDARD = "gnu++17";
				CLANG_CXX_LIBRARY = "libc++";
				CLANG_ENABLE_MODULES = YES;
				CLANG_ENABLE_OBJC_ARC = YES;
				CLANG_ENABLE_OBJC_WEAK = YES;
				CLANG_WARN_BLOCK_CAPTURE_AUTORELEASING = YES;
				CLANG_WARN_BOOL_CONVERSION = YES;
				CLANG_WARN_COMMA = YES;
				CLANG_WARN_CONSTANT_CONVERSION = YES;
				CLANG_WARN_DEPRECATED_OBJC_IMPLEMENTATIONS = YES;
				CLANG_WARN_DIRECT_OBJC_ISA_USAGE = YES_ERROR;
				CLANG_WARN_DOCUMENTATION_COMMENTS = YES;
				CLANG_WARN_EMPTY_BODY = YES;
				CLANG_WARN_ENUM_CONVERSION = YES;
				CLANG_WARN_INFINITE_RECURSION = YES;
				CLANG_WARN_INT_CONVERSION = YES;
				CLANG_WARN_NON_LITERAL_NULL_CONVERSION = YES;
				CLANG_WARN_OBJC_IMPLICIT_RETAIN_SELF = YES;
				CLANG_WARN_OBJC_LITERAL_CONVERSION = YES;
				CLANG_WARN_OBJC_ROOT_CLASS = YES_ERROR;
				CLANG_WARN_QUOTED_INCLUDE_IN_FRAMEWORK_HEADER = YES;
				CLANG_WARN_RANGE_LOOP_ANALYSIS = YES;
				CLANG_WARN_STRICT_PROTOTYPES = YES;
				CLANG_WARN_SUSPICIOUS_MOVE = YES;
				CLANG_WARN_UNGUARDED_AVAILABILITY = YES_AGGRESSIVE;
				CLANG_WARN_UNREACHABLE_CODE = YES;
				CLANG_WARN__DUPLICATE_METHOD_MATCH = YES;
				COPY_PHASE_STRIP = NO;
				DEBUG_INFORMATION_FORMAT = "dwarf-with-dsym";
				ENABLE_NS_ASSERTIONS = NO;
				ENABLE_STRICT_OBJC_MSGSEND = YES;
				GCC_C_LANGUAGE_STANDARD = gnu11;
				GCC_NO_COMMON_BLOCKS = YES;
				GCC_WARN_64_TO_32_BIT_CONVERSION = YES;
				GCC_WARN_ABOUT_RETURN_TYPE = YES_ERROR;
				GCC_WARN_UNDECLARED_SELECTOR = YES;
				GCC_WARN_UNINITIALIZED_AUTOS = YES_AGGRESSIVE;
				GCC_WARN_UNUSED_FUNCTION = YES;
				GCC_WARN_UNUSED_VARIABLE = YES;
				IPHONEOS_DEPLOYMENT_TARGET = 15.2;
				MTL_ENABLE_DEBUG_INFO = NO;
				MTL_FAST_MATH = YES;
				SDKROOT = iphoneos;
				SWIFT_COMPILATION_MODE = wholemodule;
				SWIFT_OPTIMIZATION_LEVEL = "-O";
				VALIDATE_PRODUCT = YES;
			};
			name = Release;
		};
		410145A827B15875001A426C /* Debug */ = {
			isa = XCBuildConfiguration;
			buildSettings = {
				ASSETCATALOG_COMPILER_APPICON_NAME = AppIcon;
				ASSETCATALOG_COMPILER_GLOBAL_ACCENT_COLOR_NAME = AccentColor;
				CODE_SIGN_STYLE = Automatic;
				CURRENT_PROJECT_VERSION = 1;
				DEVELOPMENT_ASSET_PATHS = "\"Avocados/Preview Content\"";
				DEVELOPMENT_TEAM = 56F54J4H3N;
				ENABLE_PREVIEWS = YES;
				GENERATE_INFOPLIST_FILE = YES;
				INFOPLIST_KEY_UIApplicationSceneManifest_Generation = YES;
				INFOPLIST_KEY_UIApplicationSupportsIndirectInputEvents = YES;
				INFOPLIST_KEY_UILaunchScreen_Generation = YES;
				INFOPLIST_KEY_UILaunchStoryboardName = "Launch Screen";
				INFOPLIST_KEY_UISupportedInterfaceOrientations = UIInterfaceOrientationPortrait;
				INFOPLIST_KEY_UISupportedInterfaceOrientations_iPad = "UIInterfaceOrientationPortrait UIInterfaceOrientationPortraitUpsideDown UIInterfaceOrientationLandscapeLeft UIInterfaceOrientationLandscapeRight";
				INFOPLIST_KEY_UISupportedInterfaceOrientations_iPhone = "UIInterfaceOrientationPortrait UIInterfaceOrientationLandscapeLeft UIInterfaceOrientationLandscapeRight";
				LD_RUNPATH_SEARCH_PATHS = (
					"$(inherited)",
					"@executable_path/Frameworks",
				);
				MARKETING_VERSION = 1.0;
				PRODUCT_BUNDLE_IDENTIFIER = com.mobilesoftwareservices.Avocados;
				PRODUCT_NAME = "$(TARGET_NAME)";
				SWIFT_EMIT_LOC_STRINGS = YES;
				SWIFT_VERSION = 5.0;
				TARGETED_DEVICE_FAMILY = "1,2";
			};
			name = Debug;
		};
		410145A927B15875001A426C /* Release */ = {
			isa = XCBuildConfiguration;
			buildSettings = {
				ASSETCATALOG_COMPILER_APPICON_NAME = AppIcon;
				ASSETCATALOG_COMPILER_GLOBAL_ACCENT_COLOR_NAME = AccentColor;
				CODE_SIGN_STYLE = Automatic;
				CURRENT_PROJECT_VERSION = 1;
				DEVELOPMENT_ASSET_PATHS = "\"Avocados/Preview Content\"";
				DEVELOPMENT_TEAM = 56F54J4H3N;
				ENABLE_PREVIEWS = YES;
				GENERATE_INFOPLIST_FILE = YES;
				INFOPLIST_KEY_UIApplicationSceneManifest_Generation = YES;
				INFOPLIST_KEY_UIApplicationSupportsIndirectInputEvents = YES;
				INFOPLIST_KEY_UILaunchScreen_Generation = YES;
				INFOPLIST_KEY_UILaunchStoryboardName = "Launch Screen";
				INFOPLIST_KEY_UISupportedInterfaceOrientations = UIInterfaceOrientationPortrait;
				INFOPLIST_KEY_UISupportedInterfaceOrientations_iPad = "UIInterfaceOrientationPortrait UIInterfaceOrientationPortraitUpsideDown UIInterfaceOrientationLandscapeLeft UIInterfaceOrientationLandscapeRight";
				INFOPLIST_KEY_UISupportedInterfaceOrientations_iPhone = "UIInterfaceOrientationPortrait UIInterfaceOrientationLandscapeLeft UIInterfaceOrientationLandscapeRight";
				LD_RUNPATH_SEARCH_PATHS = (
					"$(inherited)",
					"@executable_path/Frameworks",
				);
				MARKETING_VERSION = 1.0;
				PRODUCT_BUNDLE_IDENTIFIER = com.mobilesoftwareservices.Avocados;
				PRODUCT_NAME = "$(TARGET_NAME)";
				SWIFT_EMIT_LOC_STRINGS = YES;
				SWIFT_VERSION = 5.0;
				TARGETED_DEVICE_FAMILY = "1,2";
			};
			name = Release;
		};
/* End XCBuildConfiguration section */

/* Begin XCConfigurationList section */
		4101459427B1586C001A426C /* Build configuration list for PBXProject "Avocados" */ = {
			isa = XCConfigurationList;
			buildConfigurations = (
				410145A527B15875001A426C /* Debug */,
				410145A627B15875001A426C /* Release */,
			);
			defaultConfigurationIsVisible = 0;
			defaultConfigurationName = Release;
		};
		410145A727B15875001A426C /* Build configuration list for PBXNativeTarget "Avocados" */ = {
			isa = XCConfigurationList;
			buildConfigurations = (
				410145A827B15875001A426C /* Debug */,
				410145A927B15875001A426C /* Release */,
			);
			defaultConfigurationIsVisible = 0;
			defaultConfigurationName = Release;
		};
/* End XCConfigurationList section */
	};
	rootObject = 4101459127B1586C001A426C /* Project object */;
}
